// !$*UTF8*$!
{
	archiveVersion = 1;
	classes = {
	};
	objectVersion = 50;
	objects = {

/* Begin PBXBuildFile section */
		6D27FE1C26139C240032E8B5 /* CharacterRepository.swift in Sources */ = {isa = PBXBuildFile; fileRef = 6D27FE1B26139C240032E8B5 /* CharacterRepository.swift */; };
		6D6708FD257C0151005B7A4F /* HeroDictionaryApp.swift in Sources */ = {isa = PBXBuildFile; fileRef = 6D6708FC257C0151005B7A4F /* HeroDictionaryApp.swift */; };
		6D6708FF257C0151005B7A4F /* ContentView.swift in Sources */ = {isa = PBXBuildFile; fileRef = 6D6708FE257C0151005B7A4F /* ContentView.swift */; };
		6D670901257C0151005B7A4F /* Assets.xcassets in Resources */ = {isa = PBXBuildFile; fileRef = 6D670900257C0151005B7A4F /* Assets.xcassets */; };
		6D670904257C0151005B7A4F /* Preview Assets.xcassets in Resources */ = {isa = PBXBuildFile; fileRef = 6D670903257C0151005B7A4F /* Preview Assets.xcassets */; };
		6D67090F257C0151005B7A4F /* HeroDictionaryTests.swift in Sources */ = {isa = PBXBuildFile; fileRef = 6D67090E257C0151005B7A4F /* HeroDictionaryTests.swift */; };
		6D67091A257C0152005B7A4F /* HeroDictionaryUITests.swift in Sources */ = {isa = PBXBuildFile; fileRef = 6D670919257C0152005B7A4F /* HeroDictionaryUITests.swift */; };
		6D670931257C029A005B7A4F /* MarvelApi.swift in Sources */ = {isa = PBXBuildFile; fileRef = 6D67092D257C029A005B7A4F /* MarvelApi.swift */; };
		6D670932257C029A005B7A4F /* Configuration.swift in Sources */ = {isa = PBXBuildFile; fileRef = 6D67092E257C029A005B7A4F /* Configuration.swift */; };
		6D670934257C029A005B7A4F /* MD5.swift in Sources */ = {isa = PBXBuildFile; fileRef = 6D670930257C029A005B7A4F /* MD5.swift */; };
		6D85E9B126091BDA00D5EDB1 /* ImageLoader.swift in Sources */ = {isa = PBXBuildFile; fileRef = 6D85E9B026091BDA00D5EDB1 /* ImageLoader.swift */; };
		6DB3DFF12598F69400C9D993 /* CharactersView.swift in Sources */ = {isa = PBXBuildFile; fileRef = 6DB3DFF02598F69400C9D993 /* CharactersView.swift */; };
		6DB3DFF72598F81600C9D993 /* AsyncImage.swift in Sources */ = {isa = PBXBuildFile; fileRef = 6DB3DFF62598F81600C9D993 /* AsyncImage.swift */; };
		6DE2723E257CFE2D0040A74A /* CharacterData.swift in Sources */ = {isa = PBXBuildFile; fileRef = 6DE2723D257CFE2D0040A74A /* CharacterData.swift */; };
		6DE27246257D00400040A74A /* URLSession+Decode.swift in Sources */ = {isa = PBXBuildFile; fileRef = 6DE27245257D00400040A74A /* URLSession+Decode.swift */; };
		6DE30BFB25EA8418002FCE79 /* CharactersItemView.swift in Sources */ = {isa = PBXBuildFile; fileRef = 6DE30BFA25EA8418002FCE79 /* CharactersItemView.swift */; };
/* End PBXBuildFile section */

/* Begin PBXContainerItemProxy section */
		6D67090B257C0151005B7A4F /* PBXContainerItemProxy */ = {
			isa = PBXContainerItemProxy;
			containerPortal = 6D6708F1257C0150005B7A4F /* Project object */;
			proxyType = 1;
			remoteGlobalIDString = 6D6708F8257C0151005B7A4F;
			remoteInfo = HeroDictionary;
		};
		6D670916257C0152005B7A4F /* PBXContainerItemProxy */ = {
			isa = PBXContainerItemProxy;
			containerPortal = 6D6708F1257C0150005B7A4F /* Project object */;
			proxyType = 1;
			remoteGlobalIDString = 6D6708F8257C0151005B7A4F;
			remoteInfo = HeroDictionary;
		};
/* End PBXContainerItemProxy section */

/* Begin PBXFileReference section */
		6D27FE1B26139C240032E8B5 /* CharacterRepository.swift */ = {isa = PBXFileReference; lastKnownFileType = sourcecode.swift; path = CharacterRepository.swift; sourceTree = "<group>"; };
		6D6708F9257C0151005B7A4F /* HeroDictionary.app */ = {isa = PBXFileReference; explicitFileType = wrapper.application; includeInIndex = 0; path = HeroDictionary.app; sourceTree = BUILT_PRODUCTS_DIR; };
		6D6708FC257C0151005B7A4F /* HeroDictionaryApp.swift */ = {isa = PBXFileReference; lastKnownFileType = sourcecode.swift; path = HeroDictionaryApp.swift; sourceTree = "<group>"; };
		6D6708FE257C0151005B7A4F /* ContentView.swift */ = {isa = PBXFileReference; lastKnownFileType = sourcecode.swift; path = ContentView.swift; sourceTree = "<group>"; };
		6D670900257C0151005B7A4F /* Assets.xcassets */ = {isa = PBXFileReference; lastKnownFileType = folder.assetcatalog; path = Assets.xcassets; sourceTree = "<group>"; };
		6D670903257C0151005B7A4F /* Preview Assets.xcassets */ = {isa = PBXFileReference; lastKnownFileType = folder.assetcatalog; path = "Preview Assets.xcassets"; sourceTree = "<group>"; };
		6D670905257C0151005B7A4F /* Info.plist */ = {isa = PBXFileReference; lastKnownFileType = text.plist.xml; path = Info.plist; sourceTree = "<group>"; };
		6D67090A257C0151005B7A4F /* HeroDictionaryTests.xctest */ = {isa = PBXFileReference; explicitFileType = wrapper.cfbundle; includeInIndex = 0; path = HeroDictionaryTests.xctest; sourceTree = BUILT_PRODUCTS_DIR; };
		6D67090E257C0151005B7A4F /* HeroDictionaryTests.swift */ = {isa = PBXFileReference; lastKnownFileType = sourcecode.swift; path = HeroDictionaryTests.swift; sourceTree = "<group>"; };
		6D670910257C0151005B7A4F /* Info.plist */ = {isa = PBXFileReference; lastKnownFileType = text.plist.xml; path = Info.plist; sourceTree = "<group>"; };
		6D670915257C0152005B7A4F /* HeroDictionaryUITests.xctest */ = {isa = PBXFileReference; explicitFileType = wrapper.cfbundle; includeInIndex = 0; path = HeroDictionaryUITests.xctest; sourceTree = BUILT_PRODUCTS_DIR; };
		6D670919257C0152005B7A4F /* HeroDictionaryUITests.swift */ = {isa = PBXFileReference; lastKnownFileType = sourcecode.swift; path = HeroDictionaryUITests.swift; sourceTree = "<group>"; };
		6D67091B257C0152005B7A4F /* Info.plist */ = {isa = PBXFileReference; lastKnownFileType = text.plist.xml; path = Info.plist; sourceTree = "<group>"; };
		6D67092D257C029A005B7A4F /* MarvelApi.swift */ = {isa = PBXFileReference; fileEncoding = 4; lastKnownFileType = sourcecode.swift; path = MarvelApi.swift; sourceTree = "<group>"; };
		6D67092E257C029A005B7A4F /* Configuration.swift */ = {isa = PBXFileReference; fileEncoding = 4; lastKnownFileType = sourcecode.swift; path = Configuration.swift; sourceTree = "<group>"; };
		6D67092F257C029A005B7A4F /* Default.xcconfig */ = {isa = PBXFileReference; fileEncoding = 4; lastKnownFileType = text.xcconfig; path = Default.xcconfig; sourceTree = "<group>"; };
		6D670930257C029A005B7A4F /* MD5.swift */ = {isa = PBXFileReference; fileEncoding = 4; lastKnownFileType = sourcecode.swift; path = MD5.swift; sourceTree = "<group>"; };
		6D85E9B026091BDA00D5EDB1 /* ImageLoader.swift */ = {isa = PBXFileReference; lastKnownFileType = sourcecode.swift; path = ImageLoader.swift; sourceTree = "<group>"; };
		6DB3DFF02598F69400C9D993 /* CharactersView.swift */ = {isa = PBXFileReference; lastKnownFileType = sourcecode.swift; path = CharactersView.swift; sourceTree = "<group>"; };
		6DB3DFF62598F81600C9D993 /* AsyncImage.swift */ = {isa = PBXFileReference; lastKnownFileType = sourcecode.swift; path = AsyncImage.swift; sourceTree = "<group>"; };
		6DE2723D257CFE2D0040A74A /* CharacterData.swift */ = {isa = PBXFileReference; lastKnownFileType = sourcecode.swift; path = CharacterData.swift; sourceTree = "<group>"; };
		6DE27245257D00400040A74A /* URLSession+Decode.swift */ = {isa = PBXFileReference; lastKnownFileType = sourcecode.swift; path = "URLSession+Decode.swift"; sourceTree = "<group>"; };
		6DE30BFA25EA8418002FCE79 /* CharactersItemView.swift */ = {isa = PBXFileReference; lastKnownFileType = sourcecode.swift; path = CharactersItemView.swift; sourceTree = "<group>"; };
/* End PBXFileReference section */

/* Begin PBXFrameworksBuildPhase section */
		6D6708F6257C0151005B7A4F /* Frameworks */ = {
			isa = PBXFrameworksBuildPhase;
			buildActionMask = 2147483647;
			files = (
			);
			runOnlyForDeploymentPostprocessing = 0;
		};
		6D670907257C0151005B7A4F /* Frameworks */ = {
			isa = PBXFrameworksBuildPhase;
			buildActionMask = 2147483647;
			files = (
			);
			runOnlyForDeploymentPostprocessing = 0;
		};
		6D670912257C0152005B7A4F /* Frameworks */ = {
			isa = PBXFrameworksBuildPhase;
			buildActionMask = 2147483647;
			files = (
			);
			runOnlyForDeploymentPostprocessing = 0;
		};
/* End PBXFrameworksBuildPhase section */

/* Begin PBXGroup section */
		6D6708F0257C0150005B7A4F = {
			isa = PBXGroup;
			children = (
				6D6708FB257C0151005B7A4F /* HeroDictionary */,
				6D67090D257C0151005B7A4F /* HeroDictionaryTests */,
				6D670918257C0152005B7A4F /* HeroDictionaryUITests */,
				6D6708FA257C0151005B7A4F /* Products */,
			);
			sourceTree = "<group>";
		};
		6D6708FA257C0151005B7A4F /* Products */ = {
			isa = PBXGroup;
			children = (
				6D6708F9257C0151005B7A4F /* HeroDictionary.app */,
				6D67090A257C0151005B7A4F /* HeroDictionaryTests.xctest */,
				6D670915257C0152005B7A4F /* HeroDictionaryUITests.xctest */,
			);
			name = Products;
			sourceTree = "<group>";
		};
		6D6708FB257C0151005B7A4F /* HeroDictionary */ = {
			isa = PBXGroup;
			children = (
				6DE2723C257CFE1E0040A74A /* Characters */,
				6DE2723B257CFE0D0040A74A /* Common */,
				6DE2723A257CFDF70040A74A /* Network */,
				6D67092E257C029A005B7A4F /* Configuration.swift */,
				6D67092F257C029A005B7A4F /* Default.xcconfig */,
				6D6708FC257C0151005B7A4F /* HeroDictionaryApp.swift */,
				6D6708FE257C0151005B7A4F /* ContentView.swift */,
				6D670900257C0151005B7A4F /* Assets.xcassets */,
				6D670905257C0151005B7A4F /* Info.plist */,
				6D670902257C0151005B7A4F /* Preview Content */,
			);
			path = HeroDictionary;
			sourceTree = "<group>";
		};
		6D670902257C0151005B7A4F /* Preview Content */ = {
			isa = PBXGroup;
			children = (
				6D670903257C0151005B7A4F /* Preview Assets.xcassets */,
			);
			path = "Preview Content";
			sourceTree = "<group>";
		};
		6D67090D257C0151005B7A4F /* HeroDictionaryTests */ = {
			isa = PBXGroup;
			children = (
				6D67090E257C0151005B7A4F /* HeroDictionaryTests.swift */,
				6D670910257C0151005B7A4F /* Info.plist */,
			);
			path = HeroDictionaryTests;
			sourceTree = "<group>";
		};
		6D670918257C0152005B7A4F /* HeroDictionaryUITests */ = {
			isa = PBXGroup;
			children = (
				6D670919257C0152005B7A4F /* HeroDictionaryUITests.swift */,
				6D67091B257C0152005B7A4F /* Info.plist */,
			);
			path = HeroDictionaryUITests;
			sourceTree = "<group>";
		};
		6DB3DFF52598F7EF00C9D993 /* UI */ = {
			isa = PBXGroup;
			children = (
				6DB3DFF62598F81600C9D993 /* AsyncImage.swift */,
			);
			path = UI;
			sourceTree = "<group>";
		};
		6DE2723A257CFDF70040A74A /* Network */ = {
			isa = PBXGroup;
			children = (
				6D67092D257C029A005B7A4F /* MarvelApi.swift */,
				6DE27245257D00400040A74A /* URLSession+Decode.swift */,
			);
			path = Network;
			sourceTree = "<group>";
		};
		6DE2723B257CFE0D0040A74A /* Common */ = {
			isa = PBXGroup;
			children = (
				6DB3DFF52598F7EF00C9D993 /* UI */,
				6D670930257C029A005B7A4F /* MD5.swift */,
				6D85E9B026091BDA00D5EDB1 /* ImageLoader.swift */,
			);
			path = Common;
			sourceTree = "<group>";
		};
		6DE2723C257CFE1E0040A74A /* Characters */ = {
			isa = PBXGroup;
			children = (
				6DE2723D257CFE2D0040A74A /* CharacterData.swift */,
				6DB3DFF02598F69400C9D993 /* CharactersView.swift */,
				6DE30BFA25EA8418002FCE79 /* CharactersItemView.swift */,
				6D27FE1B26139C240032E8B5 /* CharacterRepository.swift */,
			);
			path = Characters;
			sourceTree = "<group>";
		};
/* End PBXGroup section */

/* Begin PBXNativeTarget section */
		6D6708F8257C0151005B7A4F /* HeroDictionary */ = {
			isa = PBXNativeTarget;
			buildConfigurationList = 6D67091E257C0152005B7A4F /* Build configuration list for PBXNativeTarget "HeroDictionary" */;
			buildPhases = (
				6D6708F5257C0151005B7A4F /* Sources */,
				6D6708F6257C0151005B7A4F /* Frameworks */,
				6D6708F7257C0151005B7A4F /* Resources */,
			);
			buildRules = (
			);
			dependencies = (
			);
			name = HeroDictionary;
			productName = HeroDictionary;
			productReference = 6D6708F9257C0151005B7A4F /* HeroDictionary.app */;
			productType = "com.apple.product-type.application";
		};
		6D670909257C0151005B7A4F /* HeroDictionaryTests */ = {
			isa = PBXNativeTarget;
			buildConfigurationList = 6D670921257C0152005B7A4F /* Build configuration list for PBXNativeTarget "HeroDictionaryTests" */;
			buildPhases = (
				6D670906257C0151005B7A4F /* Sources */,
				6D670907257C0151005B7A4F /* Frameworks */,
				6D670908257C0151005B7A4F /* Resources */,
			);
			buildRules = (
			);
			dependencies = (
				6D67090C257C0151005B7A4F /* PBXTargetDependency */,
			);
			name = HeroDictionaryTests;
			productName = HeroDictionaryTests;
			productReference = 6D67090A257C0151005B7A4F /* HeroDictionaryTests.xctest */;
			productType = "com.apple.product-type.bundle.unit-test";
		};
		6D670914257C0152005B7A4F /* HeroDictionaryUITests */ = {
			isa = PBXNativeTarget;
			buildConfigurationList = 6D670924257C0152005B7A4F /* Build configuration list for PBXNativeTarget "HeroDictionaryUITests" */;
			buildPhases = (
				6D670911257C0152005B7A4F /* Sources */,
				6D670912257C0152005B7A4F /* Frameworks */,
				6D670913257C0152005B7A4F /* Resources */,
			);
			buildRules = (
			);
			dependencies = (
				6D670917257C0152005B7A4F /* PBXTargetDependency */,
			);
			name = HeroDictionaryUITests;
			productName = HeroDictionaryUITests;
			productReference = 6D670915257C0152005B7A4F /* HeroDictionaryUITests.xctest */;
			productType = "com.apple.product-type.bundle.ui-testing";
		};
/* End PBXNativeTarget section */

/* Begin PBXProject section */
		6D6708F1257C0150005B7A4F /* Project object */ = {
			isa = PBXProject;
			attributes = {
				LastSwiftUpdateCheck = 1220;
				LastUpgradeCheck = 1240;
				TargetAttributes = {
					6D6708F8257C0151005B7A4F = {
						CreatedOnToolsVersion = 12.2;
					};
					6D670909257C0151005B7A4F = {
						CreatedOnToolsVersion = 12.2;
						TestTargetID = 6D6708F8257C0151005B7A4F;
					};
					6D670914257C0152005B7A4F = {
						CreatedOnToolsVersion = 12.2;
						TestTargetID = 6D6708F8257C0151005B7A4F;
					};
				};
			};
			buildConfigurationList = 6D6708F4257C0151005B7A4F /* Build configuration list for PBXProject "HeroDictionary" */;
			compatibilityVersion = "Xcode 9.3";
			developmentRegion = en;
			hasScannedForEncodings = 0;
			knownRegions = (
				en,
				Base,
			);
			mainGroup = 6D6708F0257C0150005B7A4F;
			productRefGroup = 6D6708FA257C0151005B7A4F /* Products */;
			projectDirPath = "";
			projectRoot = "";
			targets = (
				6D6708F8257C0151005B7A4F /* HeroDictionary */,
				6D670909257C0151005B7A4F /* HeroDictionaryTests */,
				6D670914257C0152005B7A4F /* HeroDictionaryUITests */,
			);
		};
/* End PBXProject section */

/* Begin PBXResourcesBuildPhase section */
		6D6708F7257C0151005B7A4F /* Resources */ = {
			isa = PBXResourcesBuildPhase;
			buildActionMask = 2147483647;
			files = (
				6D670904257C0151005B7A4F /* Preview Assets.xcassets in Resources */,
				6D670901257C0151005B7A4F /* Assets.xcassets in Resources */,
			);
			runOnlyForDeploymentPostprocessing = 0;
		};
		6D670908257C0151005B7A4F /* Resources */ = {
			isa = PBXResourcesBuildPhase;
			buildActionMask = 2147483647;
			files = (
			);
			runOnlyForDeploymentPostprocessing = 0;
		};
		6D670913257C0152005B7A4F /* Resources */ = {
			isa = PBXResourcesBuildPhase;
			buildActionMask = 2147483647;
			files = (
			);
			runOnlyForDeploymentPostprocessing = 0;
		};
/* End PBXResourcesBuildPhase section */

/* Begin PBXSourcesBuildPhase section */
		6D6708F5257C0151005B7A4F /* Sources */ = {
			isa = PBXSourcesBuildPhase;
			buildActionMask = 2147483647;
			files = (
				6D670931257C029A005B7A4F /* MarvelApi.swift in Sources */,
				6DB3DFF72598F81600C9D993 /* AsyncImage.swift in Sources */,
				6D85E9B126091BDA00D5EDB1 /* ImageLoader.swift in Sources */,
				6DE27246257D00400040A74A /* URLSession+Decode.swift in Sources */,
				6DB3DFF12598F69400C9D993 /* CharactersView.swift in Sources */,
				6D670934257C029A005B7A4F /* MD5.swift in Sources */,
				6D6708FF257C0151005B7A4F /* ContentView.swift in Sources */,
				6D27FE1C26139C240032E8B5 /* CharacterRepository.swift in Sources */,
				6DE30BFB25EA8418002FCE79 /* CharactersItemView.swift in Sources */,
				6D670932257C029A005B7A4F /* Configuration.swift in Sources */,
				6D6708FD257C0151005B7A4F /* HeroDictionaryApp.swift in Sources */,
				6DE2723E257CFE2D0040A74A /* CharacterData.swift in Sources */,
			);
			runOnlyForDeploymentPostprocessing = 0;
		};
		6D670906257C0151005B7A4F /* Sources */ = {
			isa = PBXSourcesBuildPhase;
			buildActionMask = 2147483647;
			files = (
				6D67090F257C0151005B7A4F /* HeroDictionaryTests.swift in Sources */,
			);
			runOnlyForDeploymentPostprocessing = 0;
		};
		6D670911257C0152005B7A4F /* Sources */ = {
			isa = PBXSourcesBuildPhase;
			buildActionMask = 2147483647;
			files = (
				6D67091A257C0152005B7A4F /* HeroDictionaryUITests.swift in Sources */,
			);
			runOnlyForDeploymentPostprocessing = 0;
		};
/* End PBXSourcesBuildPhase section */

/* Begin PBXTargetDependency section */
		6D67090C257C0151005B7A4F /* PBXTargetDependency */ = {
			isa = PBXTargetDependency;
			target = 6D6708F8257C0151005B7A4F /* HeroDictionary */;
			targetProxy = 6D67090B257C0151005B7A4F /* PBXContainerItemProxy */;
		};
		6D670917257C0152005B7A4F /* PBXTargetDependency */ = {
			isa = PBXTargetDependency;
			target = 6D6708F8257C0151005B7A4F /* HeroDictionary */;
			targetProxy = 6D670916257C0152005B7A4F /* PBXContainerItemProxy */;
		};
/* End PBXTargetDependency section */

/* Begin XCBuildConfiguration section */
		6D67091C257C0152005B7A4F /* Debug */ = {
			isa = XCBuildConfiguration;
			baseConfigurationReference = 6D67092F257C029A005B7A4F /* Default.xcconfig */;
			buildSettings = {
				ALWAYS_SEARCH_USER_PATHS = NO;
				CLANG_ANALYZER_NONNULL = YES;
				CLANG_ANALYZER_NUMBER_OBJECT_CONVERSION = YES_AGGRESSIVE;
				CLANG_CXX_LANGUAGE_STANDARD = "gnu++14";
				CLANG_CXX_LIBRARY = "libc++";
				CLANG_ENABLE_MODULES = YES;
				CLANG_ENABLE_OBJC_ARC = YES;
				CLANG_ENABLE_OBJC_WEAK = YES;
				CLANG_WARN_BLOCK_CAPTURE_AUTORELEASING = YES;
				CLANG_WARN_BOOL_CONVERSION = YES;
				CLANG_WARN_COMMA = YES;
				CLANG_WARN_CONSTANT_CONVERSION = YES;
				CLANG_WARN_DEPRECATED_OBJC_IMPLEMENTATIONS = YES;
				CLANG_WARN_DIRECT_OBJC_ISA_USAGE = YES_ERROR;
				CLANG_WARN_DOCUMENTATION_COMMENTS = YES;
				CLANG_WARN_EMPTY_BODY = YES;
				CLANG_WARN_ENUM_CONVERSION = YES;
				CLANG_WARN_INFINITE_RECURSION = YES;
				CLANG_WARN_INT_CONVERSION = YES;
				CLANG_WARN_NON_LITERAL_NULL_CONVERSION = YES;
				CLANG_WARN_OBJC_IMPLICIT_RETAIN_SELF = YES;
				CLANG_WARN_OBJC_LITERAL_CONVERSION = YES;
				CLANG_WARN_OBJC_ROOT_CLASS = YES_ERROR;
				CLANG_WARN_QUOTED_INCLUDE_IN_FRAMEWORK_HEADER = YES;
				CLANG_WARN_RANGE_LOOP_ANALYSIS = YES;
				CLANG_WARN_STRICT_PROTOTYPES = YES;
				CLANG_WARN_SUSPICIOUS_MOVE = YES;
				CLANG_WARN_UNGUARDED_AVAILABILITY = YES_AGGRESSIVE;
				CLANG_WARN_UNREACHABLE_CODE = YES;
				CLANG_WARN__DUPLICATE_METHOD_MATCH = YES;
				COPY_PHASE_STRIP = NO;
				DEBUG_INFORMATION_FORMAT = dwarf;
				ENABLE_STRICT_OBJC_MSGSEND = YES;
				ENABLE_TESTABILITY = YES;
				GCC_C_LANGUAGE_STANDARD = gnu11;
				GCC_DYNAMIC_NO_PIC = NO;
				GCC_NO_COMMON_BLOCKS = YES;
				GCC_OPTIMIZATION_LEVEL = 0;
				GCC_PREPROCESSOR_DEFINITIONS = (
					"DEBUG=1",
					"$(inherited)",
				);
				GCC_WARN_64_TO_32_BIT_CONVERSION = YES;
				GCC_WARN_ABOUT_RETURN_TYPE = YES_ERROR;
				GCC_WARN_UNDECLARED_SELECTOR = YES;
				GCC_WARN_UNINITIALIZED_AUTOS = YES_AGGRESSIVE;
				GCC_WARN_UNUSED_FUNCTION = YES;
				GCC_WARN_UNUSED_VARIABLE = YES;
				IPHONEOS_DEPLOYMENT_TARGET = 14.2;
				MTL_ENABLE_DEBUG_INFO = INCLUDE_SOURCE;
				MTL_FAST_MATH = YES;
				ONLY_ACTIVE_ARCH = YES;
				SDKROOT = iphoneos;
				SWIFT_ACTIVE_COMPILATION_CONDITIONS = DEBUG;
				SWIFT_OPTIMIZATION_LEVEL = "-Onone";
			};
			name = Debug;
		};
		6D67091D257C0152005B7A4F /* Release */ = {
			isa = XCBuildConfiguration;
			baseConfigurationReference = 6D67092F257C029A005B7A4F /* Default.xcconfig */;
			buildSettings = {
				ALWAYS_SEARCH_USER_PATHS = NO;
				CLANG_ANALYZER_NONNULL = YES;
				CLANG_ANALYZER_NUMBER_OBJECT_CONVERSION = YES_AGGRESSIVE;
				CLANG_CXX_LANGUAGE_STANDARD = "gnu++14";
				CLANG_CXX_LIBRARY = "libc++";
				CLANG_ENABLE_MODULES = YES;
				CLANG_ENABLE_OBJC_ARC = YES;
				CLANG_ENABLE_OBJC_WEAK = YES;
				CLANG_WARN_BLOCK_CAPTURE_AUTORELEASING = YES;
				CLANG_WARN_BOOL_CONVERSION = YES;
				CLANG_WARN_COMMA = YES;
				CLANG_WARN_CONSTANT_CONVERSION = YES;
				CLANG_WARN_DEPRECATED_OBJC_IMPLEMENTATIONS = YES;
				CLANG_WARN_DIRECT_OBJC_ISA_USAGE = YES_ERROR;
				CLANG_WARN_DOCUMENTATION_COMMENTS = YES;
				CLANG_WARN_EMPTY_BODY = YES;
				CLANG_WARN_ENUM_CONVERSION = YES;
				CLANG_WARN_INFINITE_RECURSION = YES;
				CLANG_WARN_INT_CONVERSION = YES;
				CLANG_WARN_NON_LITERAL_NULL_CONVERSION = YES;
				CLANG_WARN_OBJC_IMPLICIT_RETAIN_SELF = YES;
				CLANG_WARN_OBJC_LITERAL_CONVERSION = YES;
				CLANG_WARN_OBJC_ROOT_CLASS = YES_ERROR;
				CLANG_WARN_QUOTED_INCLUDE_IN_FRAMEWORK_HEADER = YES;
				CLANG_WARN_RANGE_LOOP_ANALYSIS = YES;
				CLANG_WARN_STRICT_PROTOTYPES = YES;
				CLANG_WARN_SUSPICIOUS_MOVE = YES;
				CLANG_WARN_UNGUARDED_AVAILABILITY = YES_AGGRESSIVE;
				CLANG_WARN_UNREACHABLE_CODE = YES;
				CLANG_WARN__DUPLICATE_METHOD_MATCH = YES;
				COPY_PHASE_STRIP = NO;
				DEBUG_INFORMATION_FORMAT = "dwarf-with-dsym";
				ENABLE_NS_ASSERTIONS = NO;
				ENABLE_STRICT_OBJC_MSGSEND = YES;
				GCC_C_LANGUAGE_STANDARD = gnu11;
				GCC_NO_COMMON_BLOCKS = YES;
				GCC_WARN_64_TO_32_BIT_CONVERSION = YES;
				GCC_WARN_ABOUT_RETURN_TYPE = YES_ERROR;
				GCC_WARN_UNDECLARED_SELECTOR = YES;
				GCC_WARN_UNINITIALIZED_AUTOS = YES_AGGRESSIVE;
				GCC_WARN_UNUSED_FUNCTION = YES;
				GCC_WARN_UNUSED_VARIABLE = YES;
				IPHONEOS_DEPLOYMENT_TARGET = 14.2;
				MTL_ENABLE_DEBUG_INFO = NO;
				MTL_FAST_MATH = YES;
				SDKROOT = iphoneos;
				SWIFT_COMPILATION_MODE = wholemodule;
				SWIFT_OPTIMIZATION_LEVEL = "-O";
				VALIDATE_PRODUCT = YES;
			};
			name = Release;
		};
		6D67091F257C0152005B7A4F /* Debug */ = {
			isa = XCBuildConfiguration;
			buildSettings = {
				ASSETCATALOG_COMPILER_APPICON_NAME = AppIcon;
				ASSETCATALOG_COMPILER_GLOBAL_ACCENT_COLOR_NAME = AccentColor;
				CODE_SIGN_STYLE = Automatic;
				DEVELOPMENT_ASSET_PATHS = "\"HeroDictionary/Preview Content\"";
				DEVELOPMENT_TEAM = QYUK7HPF6B;
				ENABLE_PREVIEWS = YES;
				INFOPLIST_FILE = HeroDictionary/Info.plist;
				IPHONEOS_DEPLOYMENT_TARGET = 14.0;
				LD_RUNPATH_SEARCH_PATHS = (
					"$(inherited)",
					"@executable_path/Frameworks",
				);
				PRODUCT_BUNDLE_IDENTIFIER = dev.edgarkenji.sample.HeroDictionary;
				PRODUCT_NAME = "$(TARGET_NAME)";
				SWIFT_VERSION = 5.0;
				TARGETED_DEVICE_FAMILY = "1,2";
			};
			name = Debug;
		};
		6D670920257C0152005B7A4F /* Release */ = {
			isa = XCBuildConfiguration;
			buildSettings = {
				ASSETCATALOG_COMPILER_APPICON_NAME = AppIcon;
				ASSETCATALOG_COMPILER_GLOBAL_ACCENT_COLOR_NAME = AccentColor;
				CODE_SIGN_STYLE = Automatic;
				DEVELOPMENT_ASSET_PATHS = "\"HeroDictionary/Preview Content\"";
				DEVELOPMENT_TEAM = QYUK7HPF6B;
				ENABLE_PREVIEWS = YES;
				INFOPLIST_FILE = HeroDictionary/Info.plist;
				IPHONEOS_DEPLOYMENT_TARGET = 14.0;
				LD_RUNPATH_SEARCH_PATHS = (
					"$(inherited)",
					"@executable_path/Frameworks",
				);
				PRODUCT_BUNDLE_IDENTIFIER = dev.edgarkenji.sample.HeroDictionary;
				PRODUCT_NAME = "$(TARGET_NAME)";
				SWIFT_VERSION = 5.0;
				TARGETED_DEVICE_FAMILY = "1,2";
			};
			name = Release;
		};
		6D670922257C0152005B7A4F /* Debug */ = {
			isa = XCBuildConfiguration;
			buildSettings = {
				ALWAYS_EMBED_SWIFT_STANDARD_LIBRARIES = YES;
				BUNDLE_LOADER = "$(TEST_HOST)";
				CODE_SIGN_STYLE = Automatic;
				DEVELOPMENT_TEAM = QYUK7HPF6B;
				INFOPLIST_FILE = HeroDictionaryTests/Info.plist;
				IPHONEOS_DEPLOYMENT_TARGET = 14.0;
				LD_RUNPATH_SEARCH_PATHS = (
					"$(inherited)",
					"@executable_path/Frameworks",
					"@loader_path/Frameworks",
				);
				PRODUCT_BUNDLE_IDENTIFIER = dev.edgarkenji.sample.HeroDictionaryTests;
				PRODUCT_NAME = "$(TARGET_NAME)";
				SWIFT_VERSION = 5.0;
				TARGETED_DEVICE_FAMILY = "1,2";
				TEST_HOST = "$(BUILT_PRODUCTS_DIR)/HeroDictionary.app/HeroDictionary";
			};
			name = Debug;
		};
		6D670923257C0152005B7A4F /* Release */ = {
			isa = XCBuildConfiguration;
			buildSettings = {
				ALWAYS_EMBED_SWIFT_STANDARD_LIBRARIES = YES;
				BUNDLE_LOADER = "$(TEST_HOST)";
				CODE_SIGN_STYLE = Automatic;
				DEVELOPMENT_TEAM = QYUK7HPF6B;
				INFOPLIST_FILE = HeroDictionaryTests/Info.plist;
				IPHONEOS_DEPLOYMENT_TARGET = 14.0;
				LD_RUNPATH_SEARCH_PATHS = (
					"$(inherited)",
					"@executable_path/Frameworks",
					"@loader_path/Frameworks",
				);
				PRODUCT_BUNDLE_IDENTIFIER = dev.edgarkenji.sample.HeroDictionaryTests;
				PRODUCT_NAME = "$(TARGET_NAME)";
				SWIFT_VERSION = 5.0;
				TARGETED_DEVICE_FAMILY = "1,2";
				TEST_HOST = "$(BUILT_PRODUCTS_DIR)/HeroDictionary.app/HeroDictionary";
			};
			name = Release;
		};
		6D670925257C0152005B7A4F /* Debug */ = {
			isa = XCBuildConfiguration;
			buildSettings = {
				ALWAYS_EMBED_SWIFT_STANDARD_LIBRARIES = YES;
				CODE_SIGN_STYLE = Automatic;
				DEVELOPMENT_TEAM = QYUK7HPF6B;
				INFOPLIST_FILE = HeroDictionaryUITests/Info.plist;
				LD_RUNPATH_SEARCH_PATHS = (
					"$(inherited)",
					"@executable_path/Frameworks",
					"@loader_path/Frameworks",
				);
				PRODUCT_BUNDLE_IDENTIFIER = dev.edgarkenji.sample.HeroDictionaryUITests;
				PRODUCT_NAME = "$(TARGET_NAME)";
				SWIFT_VERSION = 5.0;
				TARGETED_DEVICE_FAMILY = "1,2";
				TEST_TARGET_NAME = HeroDictionary;
			};
			name = Debug;
		};
		6D670926257C0152005B7A4F /* Release */ = {
			isa = XCBuildConfiguration;
			buildSettings = {
				ALWAYS_EMBED_SWIFT_STANDARD_LIBRARIES = YES;
				CODE_SIGN_STYLE = Automatic;
				DEVELOPMENT_TEAM = QYUK7HPF6B;
				INFOPLIST_FILE = HeroDictionaryUITests/Info.plist;
				LD_RUNPATH_SEARCH_PATHS = (
					"$(inherited)",
					"@executable_path/Frameworks",
					"@loader_path/Frameworks",
				);
				PRODUCT_BUNDLE_IDENTIFIER = dev.edgarkenji.sample.HeroDictionaryUITests;
				PRODUCT_NAME = "$(TARGET_NAME)";
				SWIFT_VERSION = 5.0;
				TARGETED_DEVICE_FAMILY = "1,2";
				TEST_TARGET_NAME = HeroDictionary;
			};
			name = Release;
		};
/* End XCBuildConfiguration section */

/* Begin XCConfigurationList section */
		6D6708F4257C0151005B7A4F /* Build configuration list for PBXProject "HeroDictionary" */ = {
			isa = XCConfigurationList;
			buildConfigurations = (
				6D67091C257C0152005B7A4F /* Debug */,
				6D67091D257C0152005B7A4F /* Release */,
			);
			defaultConfigurationIsVisible = 0;
			defaultConfigurationName = Release;
		};
		6D67091E257C0152005B7A4F /* Build configuration list for PBXNativeTarget "HeroDictionary" */ = {
			isa = XCConfigurationList;
			buildConfigurations = (
				6D67091F257C0152005B7A4F /* Debug */,
				6D670920257C0152005B7A4F /* Release */,
			);
			defaultConfigurationIsVisible = 0;
			defaultConfigurationName = Release;
		};
		6D670921257C0152005B7A4F /* Build configuration list for PBXNativeTarget "HeroDictionaryTests" */ = {
			isa = XCConfigurationList;
			buildConfigurations = (
				6D670922257C0152005B7A4F /* Debug */,
				6D670923257C0152005B7A4F /* Release */,
			);
			defaultConfigurationIsVisible = 0;
			defaultConfigurationName = Release;
		};
		6D670924257C0152005B7A4F /* Build configuration list for PBXNativeTarget "HeroDictionaryUITests" */ = {
			isa = XCConfigurationList;
			buildConfigurations = (
				6D670925257C0152005B7A4F /* Debug */,
				6D670926257C0152005B7A4F /* Release */,
			);
			defaultConfigurationIsVisible = 0;
			defaultConfigurationName = Release;
		};
/* End XCConfigurationList section */
	};
	rootObject = 6D6708F1257C0150005B7A4F /* Project object */;
}
